
Microsoft Visual Studio Solution File, Format Version 12.00
# Visual Studio 15
VisualStudioVersion = 15.0.28307.168
MinimumVisualStudioVersion = 10.0.40219.1
Project("{FAE04EC0-301F-11D3-BF4B-00C04F79EFBC}") = "Punkstar.DocHelper.Xls2Object", "Punkstar.DocHelper.Xls2Object\Punkstar.DocHelper.Xls2Object.csproj", "{8E0520A8-B264-4F0E-988D-BD1A1A900E8B}"
EndProject
Project("{FAE04EC0-301F-11D3-BF4B-00C04F79EFBC}") = "Punkstar.DocHelper.Xls2Object.TestProject", "Punkstar.DocHelper.Xls2Object.TestProject\Punkstar.DocHelper.Xls2Object.TestProject.csproj", "{BBA1E27D-5CA7-44FB-BA08-F484ED7098C6}"
EndProject
Project("{FAE04EC0-301F-11D3-BF4B-00C04F79EFBC}") = "Punkstar.DocHelper.Xls2Object.SampleTestAssembly", "Punkstar.DocHelper.Xls2Object.SampleTestAssembly\Punkstar.DocHelper.Xls2Object.SampleTestAssembly.csproj", "{D39F3A16-BCEC-48BB-BB3D-3CD54E8270CF}"
EndProject
Global
	GlobalSection(SolutionConfigurationPlatforms) = preSolution
		Debug|Any CPU = Debug|Any CPU
		Release|Any CPU = Release|Any CPU
	EndGlobalSection
	GlobalSection(ProjectConfigurationPlatforms) = postSolution
		{8E0520A8-B264-4F0E-988D-BD1A1A900E8B}.Debug|Any CPU.ActiveCfg = Debug|Any CPU
		{8E0520A8-B264-4F0E-988D-BD1A1A900E8B}.Debug|Any CPU.Build.0 = Debug|Any CPU
		{8E0520A8-B264-4F0E-988D-BD1A1A900E8B}.Release|Any CPU.ActiveCfg = Release|Any CPU
		{8E0520A8-B264-4F0E-988D-BD1A1A900E8B}.Release|Any CPU.Build.0 = Release|Any CPU
		{BBA1E27D-5CA7-44FB-BA08-F484ED7098C6}.Debug|Any CPU.ActiveCfg = Debug|Any CPU
		{BBA1E27D-5CA7-44FB-BA08-F484ED7098C6}.Debug|Any CPU.Build.0 = Debug|Any CPU
		{BBA1E27D-5CA7-44FB-BA08-F484ED7098C6}.Release|Any CPU.ActiveCfg = Release|Any CPU
		{BBA1E27D-5CA7-44FB-BA08-F484ED7098C6}.Release|Any CPU.Build.0 = Release|Any CPU
		{D39F3A16-BCEC-48BB-BB3D-3CD54E8270CF}.Debug|Any CPU.ActiveCfg = Debug|Any CPU
		{D39F3A16-BCEC-48BB-BB3D-3CD54E8270CF}.Debug|Any CPU.Build.0 = Debug|Any CPU
		{D39F3A16-BCEC-48BB-BB3D-3CD54E8270CF}.Release|Any CPU.ActiveCfg = Release|Any CPU
		{D39F3A16-BCEC-48BB-BB3D-3CD54E8270CF}.Release|Any CPU.Build.0 = Release|Any CPU
	EndGlobalSection
	GlobalSection(SolutionProperties) = preSolution
		HideSolutionNode = FALSE
	EndGlobalSection
	GlobalSection(ExtensibilityGlobals) = postSolution
		SolutionGuid = {F656A21E-ADA9-4123-AB25-FA2945447B32}
	EndGlobalSection
EndGlobal
